
Microsoft Visual Studio Solution File, Format Version 12.00
# Visual Studio Version 16
VisualStudioVersion = 16.0.29709.97
MinimumVisualStudioVersion = 10.0.40219.1
Project("{888888A0-9F3D-457C-B088-3A5042F75D52}") = "LearningDjango", "LearningDjango.pyproj", "{383617F6-D182-4265-AF5A-E9635A5C90A8}"
EndProject
Global
	GlobalSection(SolutionConfigurationPlatforms) = preSolution
		Debug|Any CPU = Debug|Any CPU
		Release|Any CPU = Release|Any CPU
	EndGlobalSection
	GlobalSection(ProjectConfigurationPlatforms) = postSolution
		{383617F6-D182-4265-AF5A-E9635A5C90A8}.Debug|Any CPU.ActiveCfg = Debug|Any CPU
		{383617F6-D182-4265-AF5A-E9635A5C90A8}.Debug|Any CPU.Build.0 = Debug|Any CPU
		{383617F6-D182-4265-AF5A-E9635A5C90A8}.Release|Any CPU.ActiveCfg = Release|Any CPU
		{383617F6-D182-4265-AF5A-E9635A5C90A8}.Release|Any CPU.Build.0 = Release|Any CPU
	EndGlobalSection
	GlobalSection(SolutionProperties) = preSolution
		HideSolutionNode = FALSE
	EndGlobalSection
	GlobalSection(ExtensibilityGlobals) = postSolution
		SolutionGuid = {6CA8BD89-3E98-47BD-A0F7-0822C1E0FA3D}
	EndGlobalSection
EndGlobal
